version: 7
platforms:
- name: linux-64-cuda-12-9
  subdir: linux-64
  virtual-packages:
  - __cuda=12.9
  - __unix=0=0
  - __linux=4.18
  - __glibc=2.28
  - __archspec=0=x86_64
environments:
  default:
    channels:
    - url: https://conda.anaconda.org/conda-forge/
    packages:
      linux-64-cuda-12-9:
      - conda: https://conda.anaconda.org/conda-forge/linux-64/_openmp_mutex-4.5-20_gnu.conda
      - conda: https://conda.anaconda.org/conda-forge/linux-64/bzip2-1.0.8-hda65f42_10.conda
      - conda: https://conda.anaconda.org/conda-forge/linux-64/libcufft-11.4.1.4-hecca717_1.conda
      - conda: https://conda.anaconda.org/conda-forge/linux-64/libcufft-dev-11.4.1.4-hecca717_1.conda
      - conda: https://conda.anaconda.org/conda-forge/linux-64/libgcc-16.2.0-ha9f2e26_7.conda
      - conda: https://conda.anaconda.org/conda-forge/linux-64/libgomp-16.2.0-he0feb66_7.conda
      - conda: https://conda.anaconda.org/conda-forge/linux-64/libstdcxx-16.2.0-h934c35e_7.conda
      - conda: https://conda.anaconda.org/conda-forge/linux-64/libzlib-1.3.2-h25fd6f3_3.conda
      - conda: https://conda.anaconda.org/conda-forge/linux-64/pcre2-10.47-h8b3dc9c_1.conda
      - conda: https://conda.anaconda.org/conda-forge/linux-64/swig-4.5.1-h78de971_1.conda
      - conda: https://conda.anaconda.org/conda-forge/noarch/cuda-version-12.9-h4f385c5_3.conda
packages:
- conda: https://conda.anaconda.org/conda-forge/linux-64/_openmp_mutex-4.5-20_gnu.conda
  build_number: 20
  sha256: 1dd3fffd892081df9726d7eb7e0dea6198962ba775bd88842135a4ddb4deb3c9
  md5: a9f577daf3de00bca7c3c76c0ecbd1de
  depends:
  - __glibc >=2.17,<3.0.a0
  - libgomp >=7.5.0
  constrains:
  - openmp_impl <0.0a0
  license: BSD-3-Clause
  license_family: BSD
  run_exports:
    strong:
    - _openmp_mutex >=4.5
  size: 28948
  timestamp: 1770939786096
- conda: https://conda.anaconda.org/conda-forge/linux-64/bzip2-1.0.8-hda65f42_10.conda
  sha256: 1a0d382c515ebf55f8ee1f38c8b81bc95af5c2acc42ad53b66bc5df932032f96
  md5: e675fabcf81499adc7edf58124fb1e01
  depends:
  - __glibc >=2.17,<3.0.a0
  - libgcc >=14
  license: bzip2-1.0.6
  license_family: BSD
  run_exports:
    weak:
    - bzip2 >=1.0.8,<2.0a0
  size: 257808
  timestamp: 1785906269155
- conda: https://conda.anaconda.org/conda-forge/linux-64/libcufft-11.4.1.4-hecca717_1.conda
  sha256: 62d4214c182c89cfb02271a42eaac56a41f50bbbea3b0d795a8e33f167a39a4e
  md5: 75ae571353ec92c8f34d4cf6ec6ba264
  depends:
  - __glibc >=2.17,<3.0.a0
  - cuda-version >=12.9,<12.10.0a0
  - libgcc >=14
  - libstdcxx >=14
  license: LicenseRef-NVIDIA-End-User-License-Agreement
  run_exports: {}
  size: 162080769
  timestamp: 1761098842719
- conda: https://conda.anaconda.org/conda-forge/linux-64/libcufft-dev-11.4.1.4-hecca717_1.conda
  sha256: 1cec99c995b321f4184075194bf0306584092e5ac4bdd39c48a22b56b0ab3cee
  md5: a5da289982801cc89244633a4775f055
  depends:
  - __glibc >=2.17,<3.0.a0
  - cuda-version >=12.9,<12.10.0a0
  - libcufft 11.4.1.4 hecca717_1
  - libgcc >=14
  - libstdcxx >=14
  constrains:
  - libcufft-static >=11.4.1.4
  license: LicenseRef-NVIDIA-End-User-License-Agreement
  run_exports:
    weak:
    - libcufft >=11.4.1.4,<12.0a0
  size: 35188
  timestamp: 1761099156569
- conda: https://conda.anaconda.org/conda-forge/linux-64/libgcc-16.2.0-ha9f2e26_7.conda
  sha256: e031634c3a928f9594eba868bc46ef5230d6571a364a0c63215b06c4563bfcea
  md5: 735629b400b70eeab21a2ba8f5b1c2ce
  depends:
  - __glibc >=2.17,<3.0.a0
  - _openmp_mutex >=4.5
  constrains:
  - libgcc-ng ==16.2.0=*_7
  - libgomp 16.2.0 he0feb66_7
  license: GPL-3.0-only WITH GCC-exception-3.1
  license_family: GPL
  run_exports: {}
  size: 1058444
  timestamp: 1790303109576
- conda: https://conda.anaconda.org/conda-forge/linux-64/libgomp-16.2.0-he0feb66_7.conda
  sha256: 92a0bb350c7be6a4eedcb4e111c60aefd176018e6b1c009a6e025dbe9bbcd758
  md5: d904c7ddd95e026254b4b80808ee9e12
  depends:
  - __glibc >=2.17,<3.0.a0
  license: GPL-3.0-only WITH GCC-exception-3.1
  license_family: GPL
  run_exports:
    strong:
    - _openmp_mutex >=4.5
  size: 640566
  timestamp: 1790303046034
- conda: https://conda.anaconda.org/conda-forge/linux-64/libstdcxx-16.2.0-h934c35e_7.conda
  sha256: fa7018298629fc429971fffd6ecba3d27a7b02e4e890d6a93ea01ffebe8cb745
  md5: 9b6707e0caca917fa6ea9ee473f37a5d
  depends:
  - __glibc >=2.17,<3.0.a0
  - libgcc 16.2.0 ha9f2e26_7
  constrains:
  - libstdcxx-ng ==16.2.0=*_7
  license: GPL-3.0-only WITH GCC-exception-3.1
  license_family: GPL
  run_exports: {}
  size: 6615436
  timestamp: 1790303132935
- conda: https://conda.anaconda.org/conda-forge/linux-64/libzlib-1.3.2-h25fd6f3_3.conda
  sha256: eb8a0db0aa570124f7d2a93d7c7f596e3390df5e047818d873baad32985fc736
  md5: 0de0122d9570a8ab637c6b73db268389
  depends:
  - __glibc >=2.17,<3.0.a0
  constrains:
  - zlib 1.3.2 *_3
  license: Zlib
  license_family: Other
  run_exports:
    weak:
    - libzlib >=1.3.2,<2.0a0
  size: 63713
  timestamp: 1785362952714
- conda: https://conda.anaconda.org/conda-forge/linux-64/pcre2-10.47-h8b3dc9c_1.conda
  sha256: 9ebb10a4eb3be51ae67d85c679f5a7a50cb040ed25c783e6331a225ea09991d4
  md5: 06f6113cf1ff4a54b65f87ead132a5f1
  depends:
  - __glibc >=2.17,<3.0.a0
  - bzip2 >=1.0.8,<2.0a0
  - libgcc >=15
  - libzlib >=1.3.2,<2.0a0
  license: BSD-3-Clause
  license_family: BSD
  run_exports:
    weak:
    - pcre2 >=10.47,<10.48.0a0
  size: 1218833
  timestamp: 1787294571916
- conda: https://conda.anaconda.org/conda-forge/linux-64/swig-4.5.1-h78de971_1.conda
  sha256: 32914107a3e7825e0ae072b04c612b10d320cc9c9613dc64aafe508856546ead
  md5: f4885ebd95c217e74b305227d5bad28b
  depends:
  - libstdcxx >=15
  - libgcc >=15
  - __glibc >=2.17,<3.0.a0
  - pcre2 >=10.47,<10.48.0a0
  constrains:
  - swig-abi ==5
  license: GPL-3.0-or-later
  license_family: GPL
  run_exports: {}
  size: 1371893
  timestamp: 1789328698840
- conda: https://conda.anaconda.org/conda-forge/noarch/cuda-version-12.9-h4f385c5_3.conda
  sha256: 5f5f428031933f117ff9f7fcc650e6ea1b3fef5936cf84aa24af79167513b656
  md5: b6d5d7f1c171cbd228ea06b556cfa859
  constrains:
  - cudatoolkit 12.9|12.9.*
  - __cuda >=12
  license: LicenseRef-NVIDIA-End-User-License-Agreement
  run_exports: {}
  size: 21578
  timestamp: 1746134436166
